// !$*UTF8*$!
{
	archiveVersion = 1;
	classes = {
	};
	objectVersion = 46;
	objects = {

/* Begin PBXBuildFile section */
		9A152E341B33513500272D78 /* Empuxo.xib in Resources */ = {isa = PBXBuildFile; fileRef = 9A152E331B33513500272D78 /* Empuxo.xib */; };
		9A152E361B33568200272D78 /* Empuxo.swift in Sources */ = {isa = PBXBuildFile; fileRef = 9A152E351B33568200272D78 /* Empuxo.swift */; };
		9A2191E61B309D7C001E3F67 /* AceleracaoMedia.xib in Resources */ = {isa = PBXBuildFile; fileRef = 9A2191E51B309D7C001E3F67 /* AceleracaoMedia.xib */; };
		9A2191E81B30A2E1001E3F67 /* AceleracaoMedia.swift in Sources */ = {isa = PBXBuildFile; fileRef = 9A2191E71B30A2E1001E3F67 /* AceleracaoMedia.swift */; };
		9A2191EF1B30B482001E3F67 /* FuncaoHorariaDaVelocidade.xib in Resources */ = {isa = PBXBuildFile; fileRef = 9A2191ED1B30B482001E3F67 /* FuncaoHorariaDaVelocidade.xib */; };
		9A2191F01B30B482001E3F67 /* FuncaoHorariaDaVelocidade.swift in Sources */ = {isa = PBXBuildFile; fileRef = 9A2191EE1B30B482001E3F67 /* FuncaoHorariaDaVelocidade.swift */; };
		9A239C4C1B28A70E003BD753 /* ImageViewController.swift in Sources */ = {isa = PBXBuildFile; fileRef = 9A239C4B1B28A70E003BD753 /* ImageViewController.swift */; };
		9A479B5C1B31D87A00118412 /* FuncaoHorariaDaPosicaoEmFuncaoDoTempo.xib in Resources */ = {isa = PBXBuildFile; fileRef = 9A479B5B1B31D87A00118412 /* FuncaoHorariaDaPosicaoEmFuncaoDoTempo.xib */; };
		9A479B5E1B31DB8700118412 /* FuncaoHorariaDaPosicaoEmFuncaoDoTempo.swift in Sources */ = {isa = PBXBuildFile; fileRef = 9A479B5D1B31DB8700118412 /* FuncaoHorariaDaPosicaoEmFuncaoDoTempo.swift */; };
		9A479B601B31EABB00118412 /* EquacaoDeTorricelli.xib in Resources */ = {isa = PBXBuildFile; fileRef = 9A479B5F1B31EABB00118412 /* EquacaoDeTorricelli.xib */; };
		9A479B621B31ECA600118412 /* EquacaoDeTorricelli.swift in Sources */ = {isa = PBXBuildFile; fileRef = 9A479B611B31ECA600118412 /* EquacaoDeTorricelli.swift */; };
		9A479B651B31F9B200118412 /* PressaoEmUmaSuperficie.xib in Resources */ = {isa = PBXBuildFile; fileRef = 9A479B641B31F9B200118412 /* PressaoEmUmaSuperficie.xib */; };
		9A479B671B31FD2500118412 /* PressaoEmUmaSuperficie.swift in Sources */ = {isa = PBXBuildFile; fileRef = 9A479B661B31FD2500118412 /* PressaoEmUmaSuperficie.swift */; };
		9A4F8E7E1B0A743C0059EF83 /* AppDelegate.swift in Sources */ = {isa = PBXBuildFile; fileRef = 9A4F8E7D1B0A743C0059EF83 /* AppDelegate.swift */; };
		9A4F8E801B0A743C0059EF83 /* ViewController.swift in Sources */ = {isa = PBXBuildFile; fileRef = 9A4F8E7F1B0A743C0059EF83 /* ViewController.swift */; };
		9A4F8E941B0A743C0059EF83 /* PhysicsFormulaTests.swift in Sources */ = {isa = PBXBuildFile; fileRef = 9A4F8E931B0A743C0059EF83 /* PhysicsFormulaTests.swift */; };
		9A4F8EA11B0A75020059EF83 /* formula.json in Resources */ = {isa = PBXBuildFile; fileRef = 9A4F8EA01B0A75020059EF83 /* formula.json */; };
		9A5880CB1B0D294B0058563A /* FormulaViewController.swift in Sources */ = {isa = PBXBuildFile; fileRef = 9A5880CA1B0D294B0058563A /* FormulaViewController.swift */; };
		9A7DC2971B0A8A5700512B86 /* FormulaNameTableViewCell.swift in Sources */ = {isa = PBXBuildFile; fileRef = 9A7DC2961B0A8A5700512B86 /* FormulaNameTableViewCell.swift */; };
		9A9A52961B2F41E2004463A5 /* VelocidadeMedia.xib in Resources */ = {isa = PBXBuildFile; fileRef = 9A9A52951B2F41E2004463A5 /* VelocidadeMedia.xib */; };
		9A9A52981B2F431F004463A5 /* VelocidadeMedia.swift in Sources */ = {isa = PBXBuildFile; fileRef = 9A9A52971B2F431F004463A5 /* VelocidadeMedia.swift */; };
		9AA177831B322FE900C4E955 /* PressaoHidrostatica.xib in Resources */ = {isa = PBXBuildFile; fileRef = 9AA177821B322FE900C4E955 /* PressaoHidrostatica.xib */; };
		9AA177851B32324700C4E955 /* PressaoHidrostatica.swift in Sources */ = {isa = PBXBuildFile; fileRef = 9AA177841B32324700C4E955 /* PressaoHidrostatica.swift */; };
		9AA177871B3237D400C4E955 /* TeoremaDeStevin.xib in Resources */ = {isa = PBXBuildFile; fileRef = 9AA177861B3237D400C4E955 /* TeoremaDeStevin.xib */; };
		9AA177891B323A3200C4E955 /* TeoremaDeStevin.swift in Sources */ = {isa = PBXBuildFile; fileRef = 9AA177881B323A3200C4E955 /* TeoremaDeStevin.swift */; };
		9AAA6B741B321D9B001EAE5F /* Densidade.xib in Resources */ = {isa = PBXBuildFile; fileRef = 9AAA6B731B321D9B001EAE5F /* Densidade.xib */; };
		9AAA6B761B321ED8001EAE5F /* Densidade.swift in Sources */ = {isa = PBXBuildFile; fileRef = 9AAA6B751B321ED8001EAE5F /* Densidade.swift */; };
		A7DA15661B334A7700B9DFEC /* CelsiusParaFahrenheit.swift in Sources */ = {isa = PBXBuildFile; fileRef = A7DA155E1B334A7700B9DFEC /* CelsiusParaFahrenheit.swift */; };
		A7DA15671B334A7700B9DFEC /* CelsiusParaFahrenheit.xib in Resources */ = {isa = PBXBuildFile; fileRef = A7DA155F1B334A7700B9DFEC /* CelsiusParaFahrenheit.xib */; };
		A7DA15681B334A7700B9DFEC /* CelsiusParaKelvin.swift in Sources */ = {isa = PBXBuildFile; fileRef = A7DA15601B334A7700B9DFEC /* CelsiusParaKelvin.swift */; };
		A7DA15691B334A7700B9DFEC /* CelsiusParaKelvin.xib in Resources */ = {isa = PBXBuildFile; fileRef = A7DA15611B334A7700B9DFEC /* CelsiusParaKelvin.xib */; };
		A7DA156A1B334A7700B9DFEC /* FahrenheitParaCelsius.swift in Sources */ = {isa = PBXBuildFile; fileRef = A7DA15621B334A7700B9DFEC /* FahrenheitParaCelsius.swift */; };
		A7DA156B1B334A7700B9DFEC /* FahrenheitParaCelsius.xib in Resources */ = {isa = PBXBuildFile; fileRef = A7DA15631B334A7700B9DFEC /* FahrenheitParaCelsius.xib */; };
		A7DA156C1B334A7700B9DFEC /* KelvinParaCelsius.swift in Sources */ = {isa = PBXBuildFile; fileRef = A7DA15641B334A7700B9DFEC /* KelvinParaCelsius.swift */; };
		A7DA156D1B334A7700B9DFEC /* KelvinParaCelsius.xib in Resources */ = {isa = PBXBuildFile; fileRef = A7DA15651B334A7700B9DFEC /* KelvinParaCelsius.xib */; };
		AD50E4721B30BF0E00FBF47E /* FuncaoHorariaDaPosicaoHorizontal.swift in Sources */ = {isa = PBXBuildFile; fileRef = AD50E4711B30BF0E00FBF47E /* FuncaoHorariaDaPosicaoHorizontal.swift */; };
		AD6930AD1B31DC180047F6D2 /* FuncaoHorariaDoDeslocamento.xib in Resources */ = {isa = PBXBuildFile; fileRef = AD6930AC1B31DC180047F6D2 /* FuncaoHorariaDoDeslocamento.xib */; };
		AD6930B01B31DCED0047F6D2 /* ComponenteHorizontalDaVelocidadeInicial.xib in Resources */ = {isa = PBXBuildFile; fileRef = AD6930AE1B31DCED0047F6D2 /* ComponenteHorizontalDaVelocidadeInicial.xib */; };
		AD6930B11B31DCED0047F6D2 /* ComponenteHorizontalDaVelocidadeInicial.xib.swift in Sources */ = {isa = PBXBuildFile; fileRef = AD6930AF1B31DCED0047F6D2 /* ComponenteHorizontalDaVelocidadeInicial.xib.swift */; };
		AD6930B41B31E69F0047F6D2 /* ComponenteVerticaDaVelocidadeInicial.xib.swift in Sources */ = {isa = PBXBuildFile; fileRef = AD6930B21B31E69F0047F6D2 /* ComponenteVerticaDaVelocidadeInicial.xib.swift */; };
		AD6930B51B31E69F0047F6D2 /* ComponenteVerticalDaVelocidadeInicial.xib in Resources */ = {isa = PBXBuildFile; fileRef = AD6930B31B31E69F0047F6D2 /* ComponenteVerticalDaVelocidadeInicial.xib */; };
		AD6930BA1B31E9920047F6D2 /* LeiDeNewton.swift in Sources */ = {isa = PBXBuildFile; fileRef = AD6930B81B31E9920047F6D2 /* LeiDeNewton.swift */; };
		AD6930BB1B31E9920047F6D2 /* LeiDeNewton.xib in Resources */ = {isa = PBXBuildFile; fileRef = AD6930B91B31E9920047F6D2 /* LeiDeNewton.xib */; };
		AD6930BF1B31ED8F0047F6D2 /* ForcaPeso.swift in Sources */ = {isa = PBXBuildFile; fileRef = AD6930BD1B31ED8F0047F6D2 /* ForcaPeso.swift */; };
		AD6930C01B31ED8F0047F6D2 /* ForcaPeso.xib in Resources */ = {isa = PBXBuildFile; fileRef = AD6930BE1B31ED8F0047F6D2 /* ForcaPeso.xib */; };
		AD71958C1B30A870000CAB57 /* FuncaoHorariaDoDeslocamento.swift in Sources */ = {isa = PBXBuildFile; fileRef = AD71958B1B30A870000CAB57 /* FuncaoHorariaDoDeslocamento.swift */; };
		AD71958F1B30B489000CAB57 /* FuncaoHorariaDaPosicaoHorizontal.xib in Resources */ = {isa = PBXBuildFile; fileRef = AD71958E1B30B489000CAB57 /* FuncaoHorariaDaPosicaoHorizontal.xib */; };
		AD9B0B0A1B2768260075584A /* Main.storyboard in Resources */ = {isa = PBXBuildFile; fileRef = AD9B0B091B2768260075584A /* Main.storyboard */; };
		AD9B0B0C1B29F0230075584A /* image.xcassets in Resources */ = {isa = PBXBuildFile; fileRef = AD9B0B0B1B29F0230075584A /* image.xcassets */; };
		ADE075421B260B9E00DE599B /* SwiftyJSON.swift in Sources */ = {isa = PBXBuildFile; fileRef = ADE0753E1B260B9E00DE599B /* SwiftyJSON.swift */; };
		ADE075431B260B9E00DE599B /* AcessData.swift in Sources */ = {isa = PBXBuildFile; fileRef = ADE075401B260B9E00DE599B /* AcessData.swift */; };
		ADE075441B260B9E00DE599B /* CustomHeaderCell.swift in Sources */ = {isa = PBXBuildFile; fileRef = ADE075411B260B9E00DE599B /* CustomHeaderCell.swift */; };
/* End PBXBuildFile section */

/* Begin PBXContainerItemProxy section */
		9A4F8E8E1B0A743C0059EF83 /* PBXContainerItemProxy */ = {
			isa = PBXContainerItemProxy;
			containerPortal = 9A4F8E701B0A743C0059EF83 /* Project object */;
			proxyType = 1;
			remoteGlobalIDString = 9A4F8E771B0A743C0059EF83;
			remoteInfo = PhysicsFormula;
		};
/* End PBXContainerItemProxy section */

/* Begin PBXFileReference section */
		9A152E331B33513500272D78 /* Empuxo.xib */ = {isa = PBXFileReference; fileEncoding = 4; lastKnownFileType = file.xib; path = Empuxo.xib; sourceTree = "<group>"; };
		9A152E351B33568200272D78 /* Empuxo.swift */ = {isa = PBXFileReference; fileEncoding = 4; lastKnownFileType = sourcecode.swift; path = Empuxo.swift; sourceTree = "<group>"; };
		9A2191E51B309D7C001E3F67 /* AceleracaoMedia.xib */ = {isa = PBXFileReference; fileEncoding = 4; lastKnownFileType = file.xib; path = AceleracaoMedia.xib; sourceTree = "<group>"; };
		9A2191E71B30A2E1001E3F67 /* AceleracaoMedia.swift */ = {isa = PBXFileReference; fileEncoding = 4; lastKnownFileType = sourcecode.swift; path = AceleracaoMedia.swift; sourceTree = "<group>"; };
		9A2191ED1B30B482001E3F67 /* FuncaoHorariaDaVelocidade.xib */ = {isa = PBXFileReference; fileEncoding = 4; lastKnownFileType = file.xib; path = FuncaoHorariaDaVelocidade.xib; sourceTree = "<group>"; };
		9A2191EE1B30B482001E3F67 /* FuncaoHorariaDaVelocidade.swift */ = {isa = PBXFileReference; fileEncoding = 4; lastKnownFileType = sourcecode.swift; path = FuncaoHorariaDaVelocidade.swift; sourceTree = "<group>"; };
		9A239C4B1B28A70E003BD753 /* ImageViewController.swift */ = {isa = PBXFileReference; fileEncoding = 4; lastKnownFileType = sourcecode.swift; path = ImageViewController.swift; sourceTree = "<group>"; };
		9A479B5B1B31D87A00118412 /* FuncaoHorariaDaPosicaoEmFuncaoDoTempo.xib */ = {isa = PBXFileReference; fileEncoding = 4; lastKnownFileType = file.xib; path = FuncaoHorariaDaPosicaoEmFuncaoDoTempo.xib; sourceTree = "<group>"; };
		9A479B5D1B31DB8700118412 /* FuncaoHorariaDaPosicaoEmFuncaoDoTempo.swift */ = {isa = PBXFileReference; fileEncoding = 4; lastKnownFileType = sourcecode.swift; path = FuncaoHorariaDaPosicaoEmFuncaoDoTempo.swift; sourceTree = "<group>"; };
		9A479B5F1B31EABB00118412 /* EquacaoDeTorricelli.xib */ = {isa = PBXFileReference; fileEncoding = 4; lastKnownFileType = file.xib; path = EquacaoDeTorricelli.xib; sourceTree = "<group>"; };
		9A479B611B31ECA600118412 /* EquacaoDeTorricelli.swift */ = {isa = PBXFileReference; fileEncoding = 4; lastKnownFileType = sourcecode.swift; path = EquacaoDeTorricelli.swift; sourceTree = "<group>"; };
		9A479B641B31F9B200118412 /* PressaoEmUmaSuperficie.xib */ = {isa = PBXFileReference; fileEncoding = 4; lastKnownFileType = file.xib; path = PressaoEmUmaSuperficie.xib; sourceTree = "<group>"; };
		9A479B661B31FD2500118412 /* PressaoEmUmaSuperficie.swift */ = {isa = PBXFileReference; fileEncoding = 4; lastKnownFileType = sourcecode.swift; path = PressaoEmUmaSuperficie.swift; sourceTree = "<group>"; };
		9A4F8E781B0A743C0059EF83 /* PhysicsFormula.app */ = {isa = PBXFileReference; explicitFileType = wrapper.application; includeInIndex = 0; path = PhysicsFormula.app; sourceTree = BUILT_PRODUCTS_DIR; };
		9A4F8E7C1B0A743C0059EF83 /* Info.plist */ = {isa = PBXFileReference; lastKnownFileType = text.plist.xml; path = Info.plist; sourceTree = "<group>"; };
		9A4F8E7D1B0A743C0059EF83 /* AppDelegate.swift */ = {isa = PBXFileReference; lastKnownFileType = sourcecode.swift; path = AppDelegate.swift; sourceTree = "<group>"; };
		9A4F8E7F1B0A743C0059EF83 /* ViewController.swift */ = {isa = PBXFileReference; lastKnownFileType = sourcecode.swift; path = ViewController.swift; sourceTree = "<group>"; };
		9A4F8E8D1B0A743C0059EF83 /* PhysicsFormulaTests.xctest */ = {isa = PBXFileReference; explicitFileType = wrapper.cfbundle; includeInIndex = 0; path = PhysicsFormulaTests.xctest; sourceTree = BUILT_PRODUCTS_DIR; };
		9A4F8E921B0A743C0059EF83 /* Info.plist */ = {isa = PBXFileReference; lastKnownFileType = text.plist.xml; path = Info.plist; sourceTree = "<group>"; };
		9A4F8E931B0A743C0059EF83 /* PhysicsFormulaTests.swift */ = {isa = PBXFileReference; lastKnownFileType = sourcecode.swift; path = PhysicsFormulaTests.swift; sourceTree = "<group>"; };
		9A4F8EA01B0A75020059EF83 /* formula.json */ = {isa = PBXFileReference; fileEncoding = 4; lastKnownFileType = text.json; path = formula.json; sourceTree = "<group>"; };
		9A5880CA1B0D294B0058563A /* FormulaViewController.swift */ = {isa = PBXFileReference; fileEncoding = 4; lastKnownFileType = sourcecode.swift; path = FormulaViewController.swift; sourceTree = "<group>"; };
		9A7DC2961B0A8A5700512B86 /* FormulaNameTableViewCell.swift */ = {isa = PBXFileReference; fileEncoding = 4; lastKnownFileType = sourcecode.swift; path = FormulaNameTableViewCell.swift; sourceTree = "<group>"; };
		9A9A52951B2F41E2004463A5 /* VelocidadeMedia.xib */ = {isa = PBXFileReference; fileEncoding = 4; lastKnownFileType = file.xib; path = VelocidadeMedia.xib; sourceTree = "<group>"; };
		9A9A52971B2F431F004463A5 /* VelocidadeMedia.swift */ = {isa = PBXFileReference; fileEncoding = 4; lastKnownFileType = sourcecode.swift; path = VelocidadeMedia.swift; sourceTree = "<group>"; };
		9AA177821B322FE900C4E955 /* PressaoHidrostatica.xib */ = {isa = PBXFileReference; fileEncoding = 4; lastKnownFileType = file.xib; path = PressaoHidrostatica.xib; sourceTree = "<group>"; };
		9AA177841B32324700C4E955 /* PressaoHidrostatica.swift */ = {isa = PBXFileReference; fileEncoding = 4; lastKnownFileType = sourcecode.swift; path = PressaoHidrostatica.swift; sourceTree = "<group>"; };
		9AA177861B3237D400C4E955 /* TeoremaDeStevin.xib */ = {isa = PBXFileReference; fileEncoding = 4; lastKnownFileType = file.xib; path = TeoremaDeStevin.xib; sourceTree = "<group>"; };
		9AA177881B323A3200C4E955 /* TeoremaDeStevin.swift */ = {isa = PBXFileReference; fileEncoding = 4; lastKnownFileType = sourcecode.swift; path = TeoremaDeStevin.swift; sourceTree = "<group>"; };
		9AAA6B731B321D9B001EAE5F /* Densidade.xib */ = {isa = PBXFileReference; fileEncoding = 4; lastKnownFileType = file.xib; path = Densidade.xib; sourceTree = "<group>"; };
		9AAA6B751B321ED8001EAE5F /* Densidade.swift */ = {isa = PBXFileReference; fileEncoding = 4; lastKnownFileType = sourcecode.swift; path = Densidade.swift; sourceTree = "<group>"; };
		A7DA155E1B334A7700B9DFEC /* CelsiusParaFahrenheit.swift */ = {isa = PBXFileReference; fileEncoding = 4; lastKnownFileType = sourcecode.swift; path = CelsiusParaFahrenheit.swift; sourceTree = "<group>"; };
		A7DA155F1B334A7700B9DFEC /* CelsiusParaFahrenheit.xib */ = {isa = PBXFileReference; fileEncoding = 4; lastKnownFileType = file.xib; path = CelsiusParaFahrenheit.xib; sourceTree = "<group>"; };
		A7DA15601B334A7700B9DFEC /* CelsiusParaKelvin.swift */ = {isa = PBXFileReference; fileEncoding = 4; lastKnownFileType = sourcecode.swift; path = CelsiusParaKelvin.swift; sourceTree = "<group>"; };
		A7DA15611B334A7700B9DFEC /* CelsiusParaKelvin.xib */ = {isa = PBXFileReference; fileEncoding = 4; lastKnownFileType = file.xib; path = CelsiusParaKelvin.xib; sourceTree = "<group>"; };
		A7DA15621B334A7700B9DFEC /* FahrenheitParaCelsius.swift */ = {isa = PBXFileReference; fileEncoding = 4; lastKnownFileType = sourcecode.swift; path = FahrenheitParaCelsius.swift; sourceTree = "<group>"; };
		A7DA15631B334A7700B9DFEC /* FahrenheitParaCelsius.xib */ = {isa = PBXFileReference; fileEncoding = 4; lastKnownFileType = file.xib; path = FahrenheitParaCelsius.xib; sourceTree = "<group>"; };
		A7DA15641B334A7700B9DFEC /* KelvinParaCelsius.swift */ = {isa = PBXFileReference; fileEncoding = 4; lastKnownFileType = sourcecode.swift; path = KelvinParaCelsius.swift; sourceTree = "<group>"; };
		A7DA15651B334A7700B9DFEC /* KelvinParaCelsius.xib */ = {isa = PBXFileReference; fileEncoding = 4; lastKnownFileType = file.xib; path = KelvinParaCelsius.xib; sourceTree = "<group>"; };
		AD50E4711B30BF0E00FBF47E /* FuncaoHorariaDaPosicaoHorizontal.swift */ = {isa = PBXFileReference; fileEncoding = 4; lastKnownFileType = sourcecode.swift; path = FuncaoHorariaDaPosicaoHorizontal.swift; sourceTree = "<group>"; };
		AD6930AC1B31DC180047F6D2 /* FuncaoHorariaDoDeslocamento.xib */ = {isa = PBXFileReference; fileEncoding = 4; lastKnownFileType = file.xib; path = FuncaoHorariaDoDeslocamento.xib; sourceTree = "<group>"; };
		AD6930AE1B31DCED0047F6D2 /* ComponenteHorizontalDaVelocidadeInicial.xib */ = {isa = PBXFileReference; fileEncoding = 4; lastKnownFileType = file.xib; path = ComponenteHorizontalDaVelocidadeInicial.xib; sourceTree = "<group>"; };
		AD6930AF1B31DCED0047F6D2 /* ComponenteHorizontalDaVelocidadeInicial.xib.swift */ = {isa = PBXFileReference; fileEncoding = 4; lastKnownFileType = sourcecode.swift; path = ComponenteHorizontalDaVelocidadeInicial.xib.swift; sourceTree = "<group>"; };
		AD6930B21B31E69F0047F6D2 /* ComponenteVerticaDaVelocidadeInicial.xib.swift */ = {isa = PBXFileReference; fileEncoding = 4; lastKnownFileType = sourcecode.swift; path = ComponenteVerticaDaVelocidadeInicial.xib.swift; sourceTree = "<group>"; };
		AD6930B31B31E69F0047F6D2 /* ComponenteVerticalDaVelocidadeInicial.xib */ = {isa = PBXFileReference; fileEncoding = 4; lastKnownFileType = file.xib; path = ComponenteVerticalDaVelocidadeInicial.xib; sourceTree = "<group>"; };
		AD6930B81B31E9920047F6D2 /* LeiDeNewton.swift */ = {isa = PBXFileReference; fileEncoding = 4; lastKnownFileType = sourcecode.swift; path = LeiDeNewton.swift; sourceTree = "<group>"; };
		AD6930B91B31E9920047F6D2 /* LeiDeNewton.xib */ = {isa = PBXFileReference; fileEncoding = 4; lastKnownFileType = file.xib; path = LeiDeNewton.xib; sourceTree = "<group>"; };
		AD6930BD1B31ED8F0047F6D2 /* ForcaPeso.swift */ = {isa = PBXFileReference; fileEncoding = 4; lastKnownFileType = sourcecode.swift; path = ForcaPeso.swift; sourceTree = "<group>"; };
		AD6930BE1B31ED8F0047F6D2 /* ForcaPeso.xib */ = {isa = PBXFileReference; fileEncoding = 4; lastKnownFileType = file.xib; path = ForcaPeso.xib; sourceTree = "<group>"; };
		AD71958B1B30A870000CAB57 /* FuncaoHorariaDoDeslocamento.swift */ = {isa = PBXFileReference; fileEncoding = 4; lastKnownFileType = sourcecode.swift; path = FuncaoHorariaDoDeslocamento.swift; sourceTree = "<group>"; };
		AD71958E1B30B489000CAB57 /* FuncaoHorariaDaPosicaoHorizontal.xib */ = {isa = PBXFileReference; fileEncoding = 4; lastKnownFileType = file.xib; path = FuncaoHorariaDaPosicaoHorizontal.xib; sourceTree = "<group>"; };
		AD9B0B091B2768260075584A /* Main.storyboard */ = {isa = PBXFileReference; fileEncoding = 4; lastKnownFileType = file.storyboard; path = Main.storyboard; sourceTree = "<group>"; };
		AD9B0B0B1B29F0230075584A /* image.xcassets */ = {isa = PBXFileReference; lastKnownFileType = folder.assetcatalog; path = image.xcassets; sourceTree = "<group>"; };
		ADE0753E1B260B9E00DE599B /* SwiftyJSON.swift */ = {isa = PBXFileReference; fileEncoding = 4; lastKnownFileType = sourcecode.swift; path = SwiftyJSON.swift; sourceTree = "<group>"; };
		ADE0753F1B260B9E00DE599B /* SwiftyJSON.h */ = {isa = PBXFileReference; fileEncoding = 4; lastKnownFileType = sourcecode.c.h; path = SwiftyJSON.h; sourceTree = "<group>"; };
		ADE075401B260B9E00DE599B /* AcessData.swift */ = {isa = PBXFileReference; fileEncoding = 4; lastKnownFileType = sourcecode.swift; path = AcessData.swift; sourceTree = "<group>"; };
		ADE075411B260B9E00DE599B /* CustomHeaderCell.swift */ = {isa = PBXFileReference; fileEncoding = 4; lastKnownFileType = sourcecode.swift; path = CustomHeaderCell.swift; sourceTree = "<group>"; };
/* End PBXFileReference section */

/* Begin PBXFrameworksBuildPhase section */
		9A4F8E751B0A743C0059EF83 /* Frameworks */ = {
			isa = PBXFrameworksBuildPhase;
			buildActionMask = 2147483647;
			files = (
			);
			runOnlyForDeploymentPostprocessing = 0;
		};
		9A4F8E8A1B0A743C0059EF83 /* Frameworks */ = {
			isa = PBXFrameworksBuildPhase;
			buildActionMask = 2147483647;
			files = (
			);
			runOnlyForDeploymentPostprocessing = 0;
		};
/* End PBXFrameworksBuildPhase section */

/* Begin PBXGroup section */
		9A0CDCF21B2F4B2D003F4CE1 /* Formulas */ = {
			isa = PBXGroup;
			children = (
				A7DA155B1B334A1A00B9DFEC /* Termologia */,
				9A0CDCF31B2F4B36003F4CE1 /* Mecanica */,
			);
			name = Formulas;
			sourceTree = "<group>";
		};
		9A0CDCF31B2F4B36003F4CE1 /* Mecanica */ = {
			isa = PBXGroup;
			children = (
				9A479B631B31F97D00118412 /* Hidrostática */,
				AD6930B61B31E9140047F6D2 /* Dinamica */,
				9A0CDCF41B2F4B3D003F4CE1 /* Cinematica */,
			);
			name = Mecanica;
			sourceTree = "<group>";
		};
		9A0CDCF41B2F4B3D003F4CE1 /* Cinematica */ = {
			isa = PBXGroup;
			children = (
				AD71958D1B30B468000CAB57 /* Movimento Oblíquo */,
				AD7195841B30A6E4000CAB57 /* Movimento Uniforme */,
				9A2191E41B309D39001E3F67 /* Movimento Uniformemente variado */,
				9A0CDCF51B2F4B43003F4CE1 /* Velocidade */,
			);
			name = Cinematica;
			sourceTree = "<group>";
		};
		9A0CDCF51B2F4B43003F4CE1 /* Velocidade */ = {
			isa = PBXGroup;
			children = (
				9A9A52951B2F41E2004463A5 /* VelocidadeMedia.xib */,
				9A9A52971B2F431F004463A5 /* VelocidadeMedia.swift */,
			);
			name = Velocidade;
			sourceTree = "<group>";
		};
		9A152E311B3350DE00272D78 /* Pressão */ = {
			isa = PBXGroup;
			children = (
				9A479B641B31F9B200118412 /* PressaoEmUmaSuperficie.xib */,
				9A479B661B31FD2500118412 /* PressaoEmUmaSuperficie.swift */,
				9AAA6B731B321D9B001EAE5F /* Densidade.xib */,
				9AAA6B751B321ED8001EAE5F /* Densidade.swift */,
				9AA177821B322FE900C4E955 /* PressaoHidrostatica.xib */,
				9AA177841B32324700C4E955 /* PressaoHidrostatica.swift */,
				9AA177861B3237D400C4E955 /* TeoremaDeStevin.xib */,
				9AA177881B323A3200C4E955 /* TeoremaDeStevin.swift */,
			);
			name = "Pressão";
			sourceTree = "<group>";
		};
		9A152E321B3350F400272D78 /* Empuxo */ = {
			isa = PBXGroup;
			children = (
				9A152E331B33513500272D78 /* Empuxo.xib */,
				9A152E351B33568200272D78 /* Empuxo.swift */,
			);
			name = Empuxo;
			sourceTree = "<group>";
		};
		9A2191E41B309D39001E3F67 /* Movimento Uniformemente variado */ = {
			isa = PBXGroup;
			children = (
				9A2191E51B309D7C001E3F67 /* AceleracaoMedia.xib */,
				9A2191E71B30A2E1001E3F67 /* AceleracaoMedia.swift */,
				9A2191ED1B30B482001E3F67 /* FuncaoHorariaDaVelocidade.xib */,
				9A2191EE1B30B482001E3F67 /* FuncaoHorariaDaVelocidade.swift */,
				9A479B5B1B31D87A00118412 /* FuncaoHorariaDaPosicaoEmFuncaoDoTempo.xib */,
				9A479B5D1B31DB8700118412 /* FuncaoHorariaDaPosicaoEmFuncaoDoTempo.swift */,
				9A479B5F1B31EABB00118412 /* EquacaoDeTorricelli.xib */,
				9A479B611B31ECA600118412 /* EquacaoDeTorricelli.swift */,
			);
			name = "Movimento Uniformemente variado";
			sourceTree = "<group>";
		};
		9A479B631B31F97D00118412 /* Hidrostática */ = {
			isa = PBXGroup;
			children = (
				9A152E321B3350F400272D78 /* Empuxo */,
				9A152E311B3350DE00272D78 /* Pressão */,
			);
			name = "Hidrostática";
			sourceTree = "<group>";
		};
		9A4F8E6F1B0A743C0059EF83 = {
			isa = PBXGroup;
			children = (
				9A4F8E7A1B0A743C0059EF83 /* PhysicsFormula */,
				9A4F8E901B0A743C0059EF83 /* PhysicsFormulaTests */,
				9A4F8E791B0A743C0059EF83 /* Products */,
			);
			sourceTree = "<group>";
		};
		9A4F8E791B0A743C0059EF83 /* Products */ = {
			isa = PBXGroup;
			children = (
				9A4F8E781B0A743C0059EF83 /* PhysicsFormula.app */,
				9A4F8E8D1B0A743C0059EF83 /* PhysicsFormulaTests.xctest */,
			);
			name = Products;
			sourceTree = "<group>";
		};
		9A4F8E7A1B0A743C0059EF83 /* PhysicsFormula */ = {
			isa = PBXGroup;
			children = (
				9A4F8E9E1B0A744F0059EF83 /* Controller */,
				9A4F8E9D1B0A74490059EF83 /* Model */,
				9A4F8E9F1B0A745A0059EF83 /* View */,
				9A4F8EA01B0A75020059EF83 /* formula.json */,
				AD9B0B091B2768260075584A /* Main.storyboard */,
				9A0CDCF21B2F4B2D003F4CE1 /* Formulas */,
				AD9B0B0B1B29F0230075584A /* image.xcassets */,
				9A4F8E7D1B0A743C0059EF83 /* AppDelegate.swift */,
				9A4F8E7B1B0A743C0059EF83 /* Supporting Files */,
			);
			path = PhysicsFormula;
			sourceTree = "<group>";
		};
		9A4F8E7B1B0A743C0059EF83 /* Supporting Files */ = {
			isa = PBXGroup;
			children = (
				9A4F8E7C1B0A743C0059EF83 /* Info.plist */,
			);
			name = "Supporting Files";
			sourceTree = "<group>";
		};
		9A4F8E901B0A743C0059EF83 /* PhysicsFormulaTests */ = {
			isa = PBXGroup;
			children = (
				9A4F8E931B0A743C0059EF83 /* PhysicsFormulaTests.swift */,
				9A4F8E911B0A743C0059EF83 /* Supporting Files */,
			);
			path = PhysicsFormulaTests;
			sourceTree = "<group>";
		};
		9A4F8E911B0A743C0059EF83 /* Supporting Files */ = {
			isa = PBXGroup;
			children = (
				9A4F8E921B0A743C0059EF83 /* Info.plist */,
			);
			name = "Supporting Files";
			sourceTree = "<group>";
		};
		9A4F8E9D1B0A74490059EF83 /* Model */ = {
			isa = PBXGroup;
			children = (
				9A7DC2961B0A8A5700512B86 /* FormulaNameTableViewCell.swift */,
				ADE0753E1B260B9E00DE599B /* SwiftyJSON.swift */,
				ADE0753F1B260B9E00DE599B /* SwiftyJSON.h */,
				ADE075401B260B9E00DE599B /* AcessData.swift */,
				ADE075411B260B9E00DE599B /* CustomHeaderCell.swift */,
			);
			name = Model;
			sourceTree = "<group>";
		};
		9A4F8E9E1B0A744F0059EF83 /* Controller */ = {
			isa = PBXGroup;
			children = (
				9A4F8E7F1B0A743C0059EF83 /* ViewController.swift */,
				9A5880CA1B0D294B0058563A /* FormulaViewController.swift */,
				9A239C4B1B28A70E003BD753 /* ImageViewController.swift */,
			);
			name = Controller;
			sourceTree = "<group>";
		};
		9A4F8E9F1B0A745A0059EF83 /* View */ = {
			isa = PBXGroup;
			children = (
			);
			name = View;
			sourceTree = "<group>";
		};
		A7DA155B1B334A1A00B9DFEC /* Termologia */ = {
			isa = PBXGroup;
			children = (
				A7DA155D1B334A6800B9DFEC /* Termometria */,
			);
			name = Termologia;
			sourceTree = "<group>";
		};
		A7DA155D1B334A6800B9DFEC /* Termometria */ = {
			isa = PBXGroup;
			children = (
				A7DA155E1B334A7700B9DFEC /* CelsiusParaFahrenheit.swift */,
				A7DA155F1B334A7700B9DFEC /* CelsiusParaFahrenheit.xib */,
				A7DA15601B334A7700B9DFEC /* CelsiusParaKelvin.swift */,
				A7DA15611B334A7700B9DFEC /* CelsiusParaKelvin.xib */,
				A7DA15621B334A7700B9DFEC /* FahrenheitParaCelsius.swift */,
				A7DA15631B334A7700B9DFEC /* FahrenheitParaCelsius.xib */,
				A7DA15641B334A7700B9DFEC /* KelvinParaCelsius.swift */,
				A7DA15651B334A7700B9DFEC /* KelvinParaCelsius.xib */,
			);
			name = Termometria;
			sourceTree = "<group>";
		};
		AD6930B61B31E9140047F6D2 /* Dinamica */ = {
			isa = PBXGroup;
			children = (
				AD6930BC1B31ED7C0047F6D2 /* Força Peso */,
				AD6930B71B31E9240047F6D2 /* Leis de Newton */,
			);
			name = Dinamica;
			sourceTree = "<group>";
		};
		AD6930B71B31E9240047F6D2 /* Leis de Newton */ = {
			isa = PBXGroup;
			children = (
				AD6930B81B31E9920047F6D2 /* LeiDeNewton.swift */,
				AD6930B91B31E9920047F6D2 /* LeiDeNewton.xib */,
			);
			name = "Leis de Newton";
			sourceTree = "<group>";
		};
		AD6930BC1B31ED7C0047F6D2 /* Força Peso */ = {
			isa = PBXGroup;
			children = (
				AD6930BD1B31ED8F0047F6D2 /* ForcaPeso.swift */,
				AD6930BE1B31ED8F0047F6D2 /* ForcaPeso.xib */,
			);
			name = "Força Peso";
			sourceTree = "<group>";
		};
		AD7195841B30A6E4000CAB57 /* Movimento Uniforme */ = {
			isa = PBXGroup;
			children = (
				AD6930AC1B31DC180047F6D2 /* FuncaoHorariaDoDeslocamento.xib */,
				AD71958B1B30A870000CAB57 /* FuncaoHorariaDoDeslocamento.swift */,
			);
			name = "Movimento Uniforme";
			sourceTree = "<group>";
		};
		AD71958D1B30B468000CAB57 /* Movimento Oblíquo */ = {
			isa = PBXGroup;
			children = (
				AD71958E1B30B489000CAB57 /* FuncaoHorariaDaPosicaoHorizontal.xib */,
				AD50E4711B30BF0E00FBF47E /* FuncaoHorariaDaPosicaoHorizontal.swift */,
				AD6930AE1B31DCED0047F6D2 /* ComponenteHorizontalDaVelocidadeInicial.xib */,
				AD6930AF1B31DCED0047F6D2 /* ComponenteHorizontalDaVelocidadeInicial.xib.swift */,
				AD6930B21B31E69F0047F6D2 /* ComponenteVerticaDaVelocidadeInicial.xib.swift */,
				AD6930B31B31E69F0047F6D2 /* ComponenteVerticalDaVelocidadeInicial.xib */,
			);
			name = "Movimento Oblíquo";
			sourceTree = "<group>";
		};
/* End PBXGroup section */

/* Begin PBXNativeTarget section */
		9A4F8E771B0A743C0059EF83 /* PhysicsFormula */ = {
			isa = PBXNativeTarget;
			buildConfigurationList = 9A4F8E971B0A743C0059EF83 /* Build configuration list for PBXNativeTarget "PhysicsFormula" */;
			buildPhases = (
				9A4F8E741B0A743C0059EF83 /* Sources */,
				9A4F8E751B0A743C0059EF83 /* Frameworks */,
				9A4F8E761B0A743C0059EF83 /* Resources */,
			);
			buildRules = (
			);
			dependencies = (
			);
			name = PhysicsFormula;
			productName = PhysicsFormula;
			productReference = 9A4F8E781B0A743C0059EF83 /* PhysicsFormula.app */;
			productType = "com.apple.product-type.application";
		};
		9A4F8E8C1B0A743C0059EF83 /* PhysicsFormulaTests */ = {
			isa = PBXNativeTarget;
			buildConfigurationList = 9A4F8E9A1B0A743C0059EF83 /* Build configuration list for PBXNativeTarget "PhysicsFormulaTests" */;
			buildPhases = (
				9A4F8E891B0A743C0059EF83 /* Sources */,
				9A4F8E8A1B0A743C0059EF83 /* Frameworks */,
				9A4F8E8B1B0A743C0059EF83 /* Resources */,
			);
			buildRules = (
			);
			dependencies = (
				9A4F8E8F1B0A743C0059EF83 /* PBXTargetDependency */,
			);
			name = PhysicsFormulaTests;
			productName = PhysicsFormulaTests;
			productReference = 9A4F8E8D1B0A743C0059EF83 /* PhysicsFormulaTests.xctest */;
			productType = "com.apple.product-type.bundle.unit-test";
		};
/* End PBXNativeTarget section */

/* Begin PBXProject section */
		9A4F8E701B0A743C0059EF83 /* Project object */ = {
			isa = PBXProject;
			attributes = {
				LastUpgradeCheck = 0630;
				ORGANIZATIONNAME = "Renan Geraldo";
				TargetAttributes = {
					9A4F8E771B0A743C0059EF83 = {
						CreatedOnToolsVersion = 6.3.1;
					};
					9A4F8E8C1B0A743C0059EF83 = {
						CreatedOnToolsVersion = 6.3.1;
						TestTargetID = 9A4F8E771B0A743C0059EF83;
					};
				};
			};
			buildConfigurationList = 9A4F8E731B0A743C0059EF83 /* Build configuration list for PBXProject "PhysicsFormula" */;
			compatibilityVersion = "Xcode 3.2";
			developmentRegion = English;
			hasScannedForEncodings = 0;
			knownRegions = (
				en,
				Base,
			);
			mainGroup = 9A4F8E6F1B0A743C0059EF83;
			productRefGroup = 9A4F8E791B0A743C0059EF83 /* Products */;
			projectDirPath = "";
			projectRoot = "";
			targets = (
				9A4F8E771B0A743C0059EF83 /* PhysicsFormula */,
				9A4F8E8C1B0A743C0059EF83 /* PhysicsFormulaTests */,
			);
		};
/* End PBXProject section */

/* Begin PBXResourcesBuildPhase section */
		9A4F8E761B0A743C0059EF83 /* Resources */ = {
			isa = PBXResourcesBuildPhase;
			buildActionMask = 2147483647;
			files = (
				AD9B0B0C1B29F0230075584A /* image.xcassets in Resources */,
				9A2191EF1B30B482001E3F67 /* FuncaoHorariaDaVelocidade.xib in Resources */,
				9A479B5C1B31D87A00118412 /* FuncaoHorariaDaPosicaoEmFuncaoDoTempo.xib in Resources */,
				9A479B651B31F9B200118412 /* PressaoEmUmaSuperficie.xib in Resources */,
				9A479B601B31EABB00118412 /* EquacaoDeTorricelli.xib in Resources */,
				9A2191E61B309D7C001E3F67 /* AceleracaoMedia.xib in Resources */,
				AD71958F1B30B489000CAB57 /* FuncaoHorariaDaPosicaoHorizontal.xib in Resources */,
				9AA177871B3237D400C4E955 /* TeoremaDeStevin.xib in Resources */,
				AD6930C01B31ED8F0047F6D2 /* ForcaPeso.xib in Resources */,
				AD6930B51B31E69F0047F6D2 /* ComponenteVerticalDaVelocidadeInicial.xib in Resources */,
				9A152E341B33513500272D78 /* Empuxo.xib in Resources */,
				9A9A52961B2F41E2004463A5 /* VelocidadeMedia.xib in Resources */,
				A7DA15691B334A7700B9DFEC /* CelsiusParaKelvin.xib in Resources */,
				9A4F8EA11B0A75020059EF83 /* formula.json in Resources */,
				AD6930AD1B31DC180047F6D2 /* FuncaoHorariaDoDeslocamento.xib in Resources */,
				AD6930B01B31DCED0047F6D2 /* ComponenteHorizontalDaVelocidadeInicial.xib in Resources */,
				AD6930BB1B31E9920047F6D2 /* LeiDeNewton.xib in Resources */,
				A7DA156B1B334A7700B9DFEC /* FahrenheitParaCelsius.xib in Resources */,
				9AAA6B741B321D9B001EAE5F /* Densidade.xib in Resources */,
				9AA177831B322FE900C4E955 /* PressaoHidrostatica.xib in Resources */,
				A7DA156D1B334A7700B9DFEC /* KelvinParaCelsius.xib in Resources */,
				A7DA15671B334A7700B9DFEC /* CelsiusParaFahrenheit.xib in Resources */,
				AD9B0B0A1B2768260075584A /* Main.storyboard in Resources */,
			);
			runOnlyForDeploymentPostprocessing = 0;
		};
		9A4F8E8B1B0A743C0059EF83 /* Resources */ = {
			isa = PBXResourcesBuildPhase;
			buildActionMask = 2147483647;
			files = (
			);
			runOnlyForDeploymentPostprocessing = 0;
		};
/* End PBXResourcesBuildPhase section */

/* Begin PBXSourcesBuildPhase section */
		9A4F8E741B0A743C0059EF83 /* Sources */ = {
			isa = PBXSourcesBuildPhase;
			buildActionMask = 2147483647;
			files = (
				9A479B621B31ECA600118412 /* EquacaoDeTorricelli.swift in Sources */,
				ADE075441B260B9E00DE599B /* CustomHeaderCell.swift in Sources */,
				A7DA15681B334A7700B9DFEC /* CelsiusParaKelvin.swift in Sources */,
				9A7DC2971B0A8A5700512B86 /* FormulaNameTableViewCell.swift in Sources */,
				AD6930BA1B31E9920047F6D2 /* LeiDeNewton.swift in Sources */,
				AD6930B11B31DCED0047F6D2 /* ComponenteHorizontalDaVelocidadeInicial.xib.swift in Sources */,
				AD71958C1B30A870000CAB57 /* FuncaoHorariaDoDeslocamento.swift in Sources */,
				ADE075431B260B9E00DE599B /* AcessData.swift in Sources */,
				9A4F8E801B0A743C0059EF83 /* ViewController.swift in Sources */,
				9A4F8E7E1B0A743C0059EF83 /* AppDelegate.swift in Sources */,
				AD50E4721B30BF0E00FBF47E /* FuncaoHorariaDaPosicaoHorizontal.swift in Sources */,
				9A479B671B31FD2500118412 /* PressaoEmUmaSuperficie.swift in Sources */,
				ADE075421B260B9E00DE599B /* SwiftyJSON.swift in Sources */,
				AD6930BF1B31ED8F0047F6D2 /* ForcaPeso.swift in Sources */,
				A7DA156C1B334A7700B9DFEC /* KelvinParaCelsius.swift in Sources */,
				9A239C4C1B28A70E003BD753 /* ImageViewController.swift in Sources */,
				9AA177891B323A3200C4E955 /* TeoremaDeStevin.swift in Sources */,
				9A152E361B33568200272D78 /* Empuxo.swift in Sources */,
				9A9A52981B2F431F004463A5 /* VelocidadeMedia.swift in Sources */,
				A7DA15661B334A7700B9DFEC /* CelsiusParaFahrenheit.swift in Sources */,
				9AAA6B761B321ED8001EAE5F /* Densidade.swift in Sources */,
				9A2191E81B30A2E1001E3F67 /* AceleracaoMedia.swift in Sources */,
				9A479B5E1B31DB8700118412 /* FuncaoHorariaDaPosicaoEmFuncaoDoTempo.swift in Sources */,
				9A2191F01B30B482001E3F67 /* FuncaoHorariaDaVelocidade.swift in Sources */,
				9A5880CB1B0D294B0058563A /* FormulaViewController.swift in Sources */,
				9AA177851B32324700C4E955 /* PressaoHidrostatica.swift in Sources */,
				A7DA156A1B334A7700B9DFEC /* FahrenheitParaCelsius.swift in Sources */,
				AD6930B41B31E69F0047F6D2 /* ComponenteVerticaDaVelocidadeInicial.xib.swift in Sources */,
			);
			runOnlyForDeploymentPostprocessing = 0;
		};
		9A4F8E891B0A743C0059EF83 /* Sources */ = {
			isa = PBXSourcesBuildPhase;
			buildActionMask = 2147483647;
			files = (
				9A4F8E941B0A743C0059EF83 /* PhysicsFormulaTests.swift in Sources */,
			);
			runOnlyForDeploymentPostprocessing = 0;
		};
/* End PBXSourcesBuildPhase section */

/* Begin PBXTargetDependency section */
		9A4F8E8F1B0A743C0059EF83 /* PBXTargetDependency */ = {
			isa = PBXTargetDependency;
			target = 9A4F8E771B0A743C0059EF83 /* PhysicsFormula */;
			targetProxy = 9A4F8E8E1B0A743C0059EF83 /* PBXContainerItemProxy */;
		};
/* End PBXTargetDependency section */

/* Begin XCBuildConfiguration section */
		9A4F8E951B0A743C0059EF83 /* Debug */ = {
			isa = XCBuildConfiguration;
			buildSettings = {
				ALWAYS_SEARCH_USER_PATHS = NO;
				CLANG_CXX_LANGUAGE_STANDARD = "gnu++0x";
				CLANG_CXX_LIBRARY = "libc++";
				CLANG_ENABLE_MODULES = YES;
				CLANG_ENABLE_OBJC_ARC = YES;
				CLANG_WARN_BOOL_CONVERSION = YES;
				CLANG_WARN_CONSTANT_CONVERSION = YES;
				CLANG_WARN_DIRECT_OBJC_ISA_USAGE = YES_ERROR;
				CLANG_WARN_EMPTY_BODY = YES;
				CLANG_WARN_ENUM_CONVERSION = YES;
				CLANG_WARN_INT_CONVERSION = YES;
				CLANG_WARN_OBJC_ROOT_CLASS = YES_ERROR;
				CLANG_WARN_UNREACHABLE_CODE = YES;
				CLANG_WARN__DUPLICATE_METHOD_MATCH = YES;
				CODE_SIGN_IDENTITY = "iPhone Distribution: Renan Geraldo (2JHVP7TAEE)";
				"CODE_SIGN_IDENTITY[sdk=iphoneos*]" = "iPhone Developer";
				COPY_PHASE_STRIP = NO;
				DEBUG_INFORMATION_FORMAT = "dwarf-with-dsym";
				ENABLE_STRICT_OBJC_MSGSEND = YES;
				GCC_C_LANGUAGE_STANDARD = gnu99;
				GCC_DYNAMIC_NO_PIC = NO;
				GCC_NO_COMMON_BLOCKS = YES;
				GCC_OPTIMIZATION_LEVEL = 0;
				GCC_PREPROCESSOR_DEFINITIONS = (
					"DEBUG=1",
					"$(inherited)",
				);
				GCC_SYMBOLS_PRIVATE_EXTERN = NO;
				GCC_WARN_64_TO_32_BIT_CONVERSION = YES;
				GCC_WARN_ABOUT_RETURN_TYPE = YES_ERROR;
				GCC_WARN_UNDECLARED_SELECTOR = YES;
				GCC_WARN_UNINITIALIZED_AUTOS = YES_AGGRESSIVE;
				GCC_WARN_UNUSED_FUNCTION = YES;
				GCC_WARN_UNUSED_VARIABLE = YES;
				IPHONEOS_DEPLOYMENT_TARGET = 8.3;
				MTL_ENABLE_DEBUG_INFO = YES;
				ONLY_ACTIVE_ARCH = YES;
				PROVISIONING_PROFILE = "884991c0-ca4f-4caa-aad7-ece4345757da";
				SDKROOT = iphoneos;
				SWIFT_OPTIMIZATION_LEVEL = "-Onone";
			};
			name = Debug;
		};
		9A4F8E961B0A743C0059EF83 /* Release */ = {
			isa = XCBuildConfiguration;
			buildSettings = {
				ALWAYS_SEARCH_USER_PATHS = NO;
				CLANG_CXX_LANGUAGE_STANDARD = "gnu++0x";
				CLANG_CXX_LIBRARY = "libc++";
				CLANG_ENABLE_MODULES = YES;
				CLANG_ENABLE_OBJC_ARC = YES;
				CLANG_WARN_BOOL_CONVERSION = YES;
				CLANG_WARN_CONSTANT_CONVERSION = YES;
				CLANG_WARN_DIRECT_OBJC_ISA_USAGE = YES_ERROR;
				CLANG_WARN_EMPTY_BODY = YES;
				CLANG_WARN_ENUM_CONVERSION = YES;
				CLANG_WARN_INT_CONVERSION = YES;
				CLANG_WARN_OBJC_ROOT_CLASS = YES_ERROR;
				CLANG_WARN_UNREACHABLE_CODE = YES;
				CLANG_WARN__DUPLICATE_METHOD_MATCH = YES;
				CODE_SIGN_IDENTITY = "iPhone Distribution: Renan Geraldo (2JHVP7TAEE)";
				"CODE_SIGN_IDENTITY[sdk=iphoneos*]" = "iPhone Developer";
				COPY_PHASE_STRIP = NO;
				DEBUG_INFORMATION_FORMAT = "dwarf-with-dsym";
				ENABLE_NS_ASSERTIONS = NO;
				ENABLE_STRICT_OBJC_MSGSEND = YES;
				GCC_C_LANGUAGE_STANDARD = gnu99;
				GCC_NO_COMMON_BLOCKS = YES;
				GCC_WARN_64_TO_32_BIT_CONVERSION = YES;
				GCC_WARN_ABOUT_RETURN_TYPE = YES_ERROR;
				GCC_WARN_UNDECLARED_SELECTOR = YES;
				GCC_WARN_UNINITIALIZED_AUTOS = YES_AGGRESSIVE;
				GCC_WARN_UNUSED_FUNCTION = YES;
				GCC_WARN_UNUSED_VARIABLE = YES;
				IPHONEOS_DEPLOYMENT_TARGET = 8.3;
				MTL_ENABLE_DEBUG_INFO = NO;
				PROVISIONING_PROFILE = "884991c0-ca4f-4caa-aad7-ece4345757da";
				SDKROOT = iphoneos;
				VALIDATE_PRODUCT = YES;
			};
			name = Release;
		};
		9A4F8E981B0A743C0059EF83 /* Debug */ = {
			isa = XCBuildConfiguration;
			buildSettings = {
				ASSETCATALOG_COMPILER_APPICON_NAME = AppIcon;
				CODE_SIGN_IDENTITY = "iPhone Distribution: Renan Geraldo (2JHVP7TAEE)";
				INFOPLIST_FILE = PhysicsFormula/Info.plist;
				LD_RUNPATH_SEARCH_PATHS = "$(inherited) @executable_path/Frameworks";
				PRODUCT_NAME = "$(TARGET_NAME)";
				PROVISIONING_PROFILE = "884991c0-ca4f-4caa-aad7-ece4345757da";
			};
			name = Debug;
		};
		9A4F8E991B0A743C0059EF83 /* Release */ = {
			isa = XCBuildConfiguration;
			buildSettings = {
				ASSETCATALOG_COMPILER_APPICON_NAME = AppIcon;
				CODE_SIGN_IDENTITY = "iPhone Distribution: Renan Geraldo (2JHVP7TAEE)";
				INFOPLIST_FILE = PhysicsFormula/Info.plist;
				LD_RUNPATH_SEARCH_PATHS = "$(inherited) @executable_path/Frameworks";
				PRODUCT_NAME = "$(TARGET_NAME)";
				PROVISIONING_PROFILE = "884991c0-ca4f-4caa-aad7-ece4345757da";
			};
			name = Release;
		};
		9A4F8E9B1B0A743C0059EF83 /* Debug */ = {
			isa = XCBuildConfiguration;
			buildSettings = {
				BUNDLE_LOADER = "$(TEST_HOST)";
				FRAMEWORK_SEARCH_PATHS = (
					"$(SDKROOT)/Developer/Library/Frameworks",
					"$(inherited)",
				);
				GCC_PREPROCESSOR_DEFINITIONS = (
					"DEBUG=1",
					"$(inherited)",
				);
				INFOPLIST_FILE = PhysicsFormulaTests/Info.plist;
				LD_RUNPATH_SEARCH_PATHS = "$(inherited) @executable_path/Frameworks @loader_path/Frameworks";
				PRODUCT_NAME = "$(TARGET_NAME)";
				TEST_HOST = "$(BUILT_PRODUCTS_DIR)/PhysicsFormula.app/PhysicsFormula";
			};
			name = Debug;
		};
		9A4F8E9C1B0A743C0059EF83 /* Release */ = {
			isa = XCBuildConfiguration;
			buildSettings = {
				BUNDLE_LOADER = "$(TEST_HOST)";
				FRAMEWORK_SEARCH_PATHS = (
					"$(SDKROOT)/Developer/Library/Frameworks",
					"$(inherited)",
				);
				INFOPLIST_FILE = PhysicsFormulaTests/Info.plist;
				LD_RUNPATH_SEARCH_PATHS = "$(inherited) @executable_path/Frameworks @loader_path/Frameworks";
				PRODUCT_NAME = "$(TARGET_NAME)";
				TEST_HOST = "$(BUILT_PRODUCTS_DIR)/PhysicsFormula.app/PhysicsFormula";
			};
			name = Release;
		};
		9A5784631B34886400682EA6 /* Distribution */ = {
			isa = XCBuildConfiguration;
			buildSettings = {
				ALWAYS_SEARCH_USER_PATHS = NO;
				CLANG_CXX_LANGUAGE_STANDARD = "gnu++0x";
				CLANG_CXX_LIBRARY = "libc++";
				CLANG_ENABLE_MODULES = YES;
				CLANG_ENABLE_OBJC_ARC = YES;
				CLANG_WARN_BOOL_CONVERSION = YES;
				CLANG_WARN_CONSTANT_CONVERSION = YES;
				CLANG_WARN_DIRECT_OBJC_ISA_USAGE = YES_ERROR;
				CLANG_WARN_EMPTY_BODY = YES;
				CLANG_WARN_ENUM_CONVERSION = YES;
				CLANG_WARN_INT_CONVERSION = YES;
				CLANG_WARN_OBJC_ROOT_CLASS = YES_ERROR;
				CLANG_WARN_UNREACHABLE_CODE = YES;
				CLANG_WARN__DUPLICATE_METHOD_MATCH = YES;
				CODE_SIGN_IDENTITY = "iPhone Distribution: Renan Geraldo (2JHVP7TAEE)";
				"CODE_SIGN_IDENTITY[sdk=iphoneos*]" = "iPhone Developer";
				COPY_PHASE_STRIP = NO;
				DEBUG_INFORMATION_FORMAT = "dwarf-with-dsym";
				ENABLE_NS_ASSERTIONS = NO;
				ENABLE_STRICT_OBJC_MSGSEND = YES;
				GCC_C_LANGUAGE_STANDARD = gnu99;
				GCC_NO_COMMON_BLOCKS = YES;
				GCC_WARN_64_TO_32_BIT_CONVERSION = YES;
				GCC_WARN_ABOUT_RETURN_TYPE = YES_ERROR;
				GCC_WARN_UNDECLARED_SELECTOR = YES;
				GCC_WARN_UNINITIALIZED_AUTOS = YES_AGGRESSIVE;
				GCC_WARN_UNUSED_FUNCTION = YES;
				GCC_WARN_UNUSED_VARIABLE = YES;
				IPHONEOS_DEPLOYMENT_TARGET = 8.3;
				MTL_ENABLE_DEBUG_INFO = NO;
				PROVISIONING_PROFILE = "884991c0-ca4f-4caa-aad7-ece4345757da";
				SDKROOT = iphoneos;
				VALIDATE_PRODUCT = YES;
			};
			name = Distribution;
		};
		9A5784641B34886400682EA6 /* Distribution */ = {
			isa = XCBuildConfiguration;
			buildSettings = {
				ASSETCATALOG_COMPILER_APPICON_NAME = AppIcon;
				CODE_SIGN_IDENTITY = "iPhone Distribution: Renan Geraldo (2JHVP7TAEE)";
				INFOPLIST_FILE = PhysicsFormula/Info.plist;
				LD_RUNPATH_SEARCH_PATHS = "$(inherited) @executable_path/Frameworks";
				PRODUCT_NAME = "$(TARGET_NAME)";
				PROVISIONING_PROFILE = "884991c0-ca4f-4caa-aad7-ece4345757da";
			};
			name = Distribution;
		};
		9A5784651B34886400682EA6 /* Distribution */ = {
			isa = XCBuildConfiguration;
			buildSettings = {
				BUNDLE_LOADER = "$(TEST_HOST)";
				FRAMEWORK_SEARCH_PATHS = (
					"$(SDKROOT)/Developer/Library/Frameworks",
					"$(inherited)",
				);
				INFOPLIST_FILE = PhysicsFormulaTests/Info.plist;
				LD_RUNPATH_SEARCH_PATHS = "$(inherited) @executable_path/Frameworks @loader_path/Frameworks";
				PRODUCT_NAME = "$(TARGET_NAME)";
				TEST_HOST = "$(BUILT_PRODUCTS_DIR)/PhysicsFormula.app/PhysicsFormula";
			};
			name = Distribution;
		};
/* End XCBuildConfiguration section */

/* Begin XCConfigurationList section */
		9A4F8E731B0A743C0059EF83 /* Build configuration list for PBXProject "PhysicsFormula" */ = {
			isa = XCConfigurationList;
			buildConfigurations = (
				9A4F8E951B0A743C0059EF83 /* Debug */,
				9A4F8E961B0A743C0059EF83 /* Release */,
				9A5784631B34886400682EA6 /* Distribution */,
			);
			defaultConfigurationIsVisible = 0;
			defaultConfigurationName = Release;
		};
		9A4F8E971B0A743C0059EF83 /* Build configuration list for PBXNativeTarget "PhysicsFormula" */ = {
			isa = XCConfigurationList;
			buildConfigurations = (
				9A4F8E981B0A743C0059EF83 /* Debug */,
				9A4F8E991B0A743C0059EF83 /* Release */,
				9A5784641B34886400682EA6 /* Distribution */,
			);
			defaultConfigurationIsVisible = 0;
			defaultConfigurationName = Release;
		};
		9A4F8E9A1B0A743C0059EF83 /* Build configuration list for PBXNativeTarget "PhysicsFormulaTests" */ = {
			isa = XCConfigurationList;
			buildConfigurations = (
				9A4F8E9B1B0A743C0059EF83 /* Debug */,
				9A4F8E9C1B0A743C0059EF83 /* Release */,
				9A5784651B34886400682EA6 /* Distribution */,
			);
			defaultConfigurationIsVisible = 0;
			defaultConfigurationName = Release;
		};
/* End XCConfigurationList section */
	};
	rootObject = 9A4F8E701B0A743C0059EF83 /* Project object */;
}
